// !$*UTF8*$!
{
	archiveVersion = 1;
	classes = {
	};
	objectVersion = 46;
	objects = {

/* Begin PBXBuildFile section */
		42BC0518B63C863D629BBDEE /* Pods_weatherApp.framework in Frameworks */ = {isa = PBXBuildFile; fileRef = 7DE325511712B90185D20AC6 /* Pods_weatherApp.framework */; };
		7D777D271EC08DB600C17815 /* AppDelegate.swift in Sources */ = {isa = PBXBuildFile; fileRef = 7D777D261EC08DB600C17815 /* AppDelegate.swift */; };
		7D777D291EC08DB600C17815 /* WeatherVC.swift in Sources */ = {isa = PBXBuildFile; fileRef = 7D777D281EC08DB600C17815 /* WeatherVC.swift */; };
		7D777D2C1EC08DB600C17815 /* Main.storyboard in Resources */ = {isa = PBXBuildFile; fileRef = 7D777D2A1EC08DB600C17815 /* Main.storyboard */; };
		7D777D2E1EC08DB600C17815 /* Assets.xcassets in Resources */ = {isa = PBXBuildFile; fileRef = 7D777D2D1EC08DB600C17815 /* Assets.xcassets */; };
		7D777D311EC08DB600C17815 /* LaunchScreen.storyboard in Resources */ = {isa = PBXBuildFile; fileRef = 7D777D2F1EC08DB600C17815 /* LaunchScreen.storyboard */; };
		7D777D391EC0903400C17815 /* CurrentWeather.swift in Sources */ = {isa = PBXBuildFile; fileRef = 7D777D381EC0903400C17815 /* CurrentWeather.swift */; };
		7D777D3B1EC0905F00C17815 /* Constants.swift in Sources */ = {isa = PBXBuildFile; fileRef = 7D777D3A1EC0905F00C17815 /* Constants.swift */; };
		7D777D3D1EC108F700C17815 /* Forecast.swift in Sources */ = {isa = PBXBuildFile; fileRef = 7D777D3C1EC108F700C17815 /* Forecast.swift */; };
		7D777D3F1EC113E200C17815 /* WeatherCell.swift in Sources */ = {isa = PBXBuildFile; fileRef = 7D777D3E1EC113E200C17815 /* WeatherCell.swift */; };
		7D777D411EC11A3D00C17815 /* Location.swift in Sources */ = {isa = PBXBuildFile; fileRef = 7D777D401EC11A3D00C17815 /* Location.swift */; };
/* End PBXBuildFile section */

/* Begin PBXFileReference section */
		31739B9BE483ABAA8A2CEB62 /* Pods-weatherApp.release.xcconfig */ = {isa = PBXFileReference; includeInIndex = 1; lastKnownFileType = text.xcconfig; name = "Pods-weatherApp.release.xcconfig"; path = "Pods/Target Support Files/Pods-weatherApp/Pods-weatherApp.release.xcconfig"; sourceTree = "<group>"; };
		7D777D231EC08DB600C17815 /* weatherApp.app */ = {isa = PBXFileReference; explicitFileType = wrapper.application; includeInIndex = 0; path = weatherApp.app; sourceTree = BUILT_PRODUCTS_DIR; };
		7D777D261EC08DB600C17815 /* AppDelegate.swift */ = {isa = PBXFileReference; lastKnownFileType = sourcecode.swift; path = AppDelegate.swift; sourceTree = "<group>"; };
		7D777D281EC08DB600C17815 /* WeatherVC.swift */ = {isa = PBXFileReference; lastKnownFileType = sourcecode.swift; path = WeatherVC.swift; sourceTree = "<group>"; };
		7D777D2B1EC08DB600C17815 /* Base */ = {isa = PBXFileReference; lastKnownFileType = file.storyboard; name = Base; path = Base.lproj/Main.storyboard; sourceTree = "<group>"; };
		7D777D2D1EC08DB600C17815 /* Assets.xcassets */ = {isa = PBXFileReference; lastKnownFileType = folder.assetcatalog; path = Assets.xcassets; sourceTree = "<group>"; };
		7D777D301EC08DB600C17815 /* Base */ = {isa = PBXFileReference; lastKnownFileType = file.storyboard; name = Base; path = Base.lproj/LaunchScreen.storyboard; sourceTree = "<group>"; };
		7D777D321EC08DB600C17815 /* Info.plist */ = {isa = PBXFileReference; lastKnownFileType = text.plist.xml; path = Info.plist; sourceTree = "<group>"; };
		7D777D381EC0903400C17815 /* CurrentWeather.swift */ = {isa = PBXFileReference; fileEncoding = 4; lastKnownFileType = sourcecode.swift; path = CurrentWeather.swift; sourceTree = "<group>"; };
		7D777D3A1EC0905F00C17815 /* Constants.swift */ = {isa = PBXFileReference; fileEncoding = 4; lastKnownFileType = sourcecode.swift; path = Constants.swift; sourceTree = "<group>"; };
		7D777D3C1EC108F700C17815 /* Forecast.swift */ = {isa = PBXFileReference; fileEncoding = 4; lastKnownFileType = sourcecode.swift; path = Forecast.swift; sourceTree = "<group>"; };
		7D777D3E1EC113E200C17815 /* WeatherCell.swift */ = {isa = PBXFileReference; fileEncoding = 4; lastKnownFileType = sourcecode.swift; path = WeatherCell.swift; sourceTree = "<group>"; };
		7D777D401EC11A3D00C17815 /* Location.swift */ = {isa = PBXFileReference; fileEncoding = 4; lastKnownFileType = sourcecode.swift; path = Location.swift; sourceTree = "<group>"; };
		7DE325511712B90185D20AC6 /* Pods_weatherApp.framework */ = {isa = PBXFileReference; explicitFileType = wrapper.framework; includeInIndex = 0; path = Pods_weatherApp.framework; sourceTree = BUILT_PRODUCTS_DIR; };
		DADEF9B97965C3B8929BFAE3 /* Pods-weatherApp.debug.xcconfig */ = {isa = PBXFileReference; includeInIndex = 1; lastKnownFileType = text.xcconfig; name = "Pods-weatherApp.debug.xcconfig"; path = "Pods/Target Support Files/Pods-weatherApp/Pods-weatherApp.debug.xcconfig"; sourceTree = "<group>"; };
/* End PBXFileReference section */

/* Begin PBXFrameworksBuildPhase section */
		7D777D201EC08DB600C17815 /* Frameworks */ = {
			isa = PBXFrameworksBuildPhase;
			buildActionMask = 2147483647;
			files = (
				42BC0518B63C863D629BBDEE /* Pods_weatherApp.framework in Frameworks */,
			);
			runOnlyForDeploymentPostprocessing = 0;
		};
/* End PBXFrameworksBuildPhase section */

/* Begin PBXGroup section */
		00923D55AE7C3CC83D779712 /* Frameworks */ = {
			isa = PBXGroup;
			children = (
				7DE325511712B90185D20AC6 /* Pods_weatherApp.framework */,
			);
			name = Frameworks;
			sourceTree = "<group>";
		};
		5BD659ED44639BE409813A87 /* Pods */ = {
			isa = PBXGroup;
			children = (
				DADEF9B97965C3B8929BFAE3 /* Pods-weatherApp.debug.xcconfig */,
				31739B9BE483ABAA8A2CEB62 /* Pods-weatherApp.release.xcconfig */,
			);
			name = Pods;
			sourceTree = "<group>";
		};
		7D777D1A1EC08DB600C17815 = {
			isa = PBXGroup;
			children = (
				7D777D251EC08DB600C17815 /* weatherApp */,
				7D777D241EC08DB600C17815 /* Products */,
				5BD659ED44639BE409813A87 /* Pods */,
				00923D55AE7C3CC83D779712 /* Frameworks */,
			);
			sourceTree = "<group>";
		};
		7D777D241EC08DB600C17815 /* Products */ = {
			isa = PBXGroup;
			children = (
				7D777D231EC08DB600C17815 /* weatherApp.app */,
			);
			name = Products;
			sourceTree = "<group>";
		};
		7D777D251EC08DB600C17815 /* weatherApp */ = {
			isa = PBXGroup;
			children = (
				7D777D261EC08DB600C17815 /* AppDelegate.swift */,
				7D777D281EC08DB600C17815 /* WeatherVC.swift */,
				7D777D3C1EC108F700C17815 /* Forecast.swift */,
				7D777D2A1EC08DB600C17815 /* Main.storyboard */,
				7D777D3E1EC113E200C17815 /* WeatherCell.swift */,
				7D777D2D1EC08DB600C17815 /* Assets.xcassets */,
				7D777D381EC0903400C17815 /* CurrentWeather.swift */,
				7D777D3A1EC0905F00C17815 /* Constants.swift */,
				7D777D2F1EC08DB600C17815 /* LaunchScreen.storyboard */,
				7D777D321EC08DB600C17815 /* Info.plist */,
				7D777D401EC11A3D00C17815 /* Location.swift */,
			);
			path = weatherApp;
			sourceTree = "<group>";
		};
/* End PBXGroup section */

/* Begin PBXNativeTarget section */
		7D777D221EC08DB600C17815 /* weatherApp */ = {
			isa = PBXNativeTarget;
			buildConfigurationList = 7D777D351EC08DB600C17815 /* Build configuration list for PBXNativeTarget "weatherApp" */;
			buildPhases = (
				CDDE50168982DE04EC47A10A /* [CP] Check Pods Manifest.lock */,
				7D777D1F1EC08DB600C17815 /* Sources */,
				7D777D201EC08DB600C17815 /* Frameworks */,
				7D777D211EC08DB600C17815 /* Resources */,
				CFA62FBC4C3CFE87AF0D3D7D /* [CP] Embed Pods Frameworks */,
				0A4C399EC5123951CF21B1BF /* [CP] Copy Pods Resources */,
			);
			buildRules = (
			);
			dependencies = (
			);
			name = weatherApp;
			productName = weatherApp;
			productReference = 7D777D231EC08DB600C17815 /* weatherApp.app */;
			productType = "com.apple.product-type.application";
		};
/* End PBXNativeTarget section */

/* Begin PBXProject section */
		7D777D1B1EC08DB600C17815 /* Project object */ = {
			isa = PBXProject;
			attributes = {
				LastSwiftUpdateCheck = 0830;
				LastUpgradeCheck = 0830;
				ORGANIZATIONNAME = WOLVERINE;
				TargetAttributes = {
					7D777D221EC08DB600C17815 = {
						CreatedOnToolsVersion = 8.3.1;
						DevelopmentTeam = YFZ69CXAAZ;
						ProvisioningStyle = Automatic;
					};
				};
			};
			buildConfigurationList = 7D777D1E1EC08DB600C17815 /* Build configuration list for PBXProject "weatherApp" */;
			compatibilityVersion = "Xcode 3.2";
			developmentRegion = English;
			hasScannedForEncodings = 0;
			knownRegions = (
				en,
				Base,
			);
			mainGroup = 7D777D1A1EC08DB600C17815;
			productRefGroup = 7D777D241EC08DB600C17815 /* Products */;
			projectDirPath = "";
			projectRoot = "";
			targets = (
				7D777D221EC08DB600C17815 /* weatherApp */,
			);
		};
/* End PBXProject section */

/* Begin PBXResourcesBuildPhase section */
		7D777D211EC08DB600C17815 /* Resources */ = {
			isa = PBXResourcesBuildPhase;
			buildActionMask = 2147483647;
			files = (
				7D777D311EC08DB600C17815 /* LaunchScreen.storyboard in Resources */,
				7D777D2E1EC08DB600C17815 /* Assets.xcassets in Resources */,
				7D777D2C1EC08DB600C17815 /* Main.storyboard in Resources */,
			);
			runOnlyForDeploymentPostprocessing = 0;
		};
/* End PBXResourcesBuildPhase section */

/* Begin PBXShellScriptBuildPhase section */
		0A4C399EC5123951CF21B1BF /* [CP] Copy Pods Resources */ = {
			isa = PBXShellScriptBuildPhase;
			buildActionMask = 2147483647;
			files = (
			);
			inputPaths = (
			);
			name = "[CP] Copy Pods Resources";
			outputPaths = (
			);
			runOnlyForDeploymentPostprocessing = 0;
			shellPath = /bin/sh;
			shellScript = "\"${SRCROOT}/Pods/Target Support Files/Pods-weatherApp/Pods-weatherApp-resources.sh\"\n";
			showEnvVarsInLog = 0;
		};
		CDDE50168982DE04EC47A10A /* [CP] Check Pods Manifest.lock */ = {
			isa = PBXShellScriptBuildPhase;
			buildActionMask = 2147483647;
			files = (
			);
			inputPaths = (
			);
			name = "[CP] Check Pods Manifest.lock";
			outputPaths = (
			);
			runOnlyForDeploymentPostprocessing = 0;
			shellPath = /bin/sh;
			shellScript = "diff \"${PODS_PODFILE_DIR_PATH}/Podfile.lock\" \"${PODS_ROOT}/Manifest.lock\" > /dev/null\nif [ $? != 0 ] ; then\n    # print error to STDERR\n    echo \"error: The sandbox is not in sync with the Podfile.lock. Run 'pod install' or update your CocoaPods installation.\" >&2\n    exit 1\nfi\n";
			showEnvVarsInLog = 0;
		};
		CFA62FBC4C3CFE87AF0D3D7D /* [CP] Embed Pods Frameworks */ = {
			isa = PBXShellScriptBuildPhase;
			buildActionMask = 2147483647;
			files = (
			);
			inputPaths = (
			);
			name = "[CP] Embed Pods Frameworks";
			outputPaths = (
			);
			runOnlyForDeploymentPostprocessing = 0;
			shellPath = /bin/sh;
			shellScript = "\"${SRCROOT}/Pods/Target Support Files/Pods-weatherApp/Pods-weatherApp-frameworks.sh\"\n";
			showEnvVarsInLog = 0;
		};
/* End PBXShellScriptBuildPhase section */

/* Begin PBXSourcesBuildPhase section */
		7D777D1F1EC08DB600C17815 /* Sources */ = {
			isa = PBXSourcesBuildPhase;
			buildActionMask = 2147483647;
			files = (
				7D777D291EC08DB600C17815 /* WeatherVC.swift in Sources */,
				7D777D391EC0903400C17815 /* CurrentWeather.swift in Sources */,
				7D777D3F1EC113E200C17815 /* WeatherCell.swift in Sources */,
				7D777D271EC08DB600C17815 /* AppDelegate.swift in Sources */,
				7D777D3B1EC0905F00C17815 /* Constants.swift in Sources */,
				7D777D3D1EC108F700C17815 /* Forecast.swift in Sources */,
				7D777D411EC11A3D00C17815 /* Location.swift in Sources */,
			);
			runOnlyForDeploymentPostprocessing = 0;
		};
/* End PBXSourcesBuildPhase section */

/* Begin PBXVariantGroup section */
		7D777D2A1EC08DB600C17815 /* Main.storyboard */ = {
			isa = PBXVariantGroup;
			children = (
				7D777D2B1EC08DB600C17815 /* Base */,
			);
			name = Main.storyboard;
			sourceTree = "<group>";
		};
		7D777D2F1EC08DB600C17815 /* LaunchScreen.storyboard */ = {
			isa = PBXVariantGroup;
			children = (
				7D777D301EC08DB600C17815 /* Base */,
			);
			name = LaunchScreen.storyboard;
			sourceTree = "<group>";
		};
/* End PBXVariantGroup section */

/* Begin XCBuildConfiguration section */
		7D777D331EC08DB600C17815 /* Debug */ = {
			isa = XCBuildConfiguration;
			buildSettings = {
				ALWAYS_SEARCH_USER_PATHS = NO;
				CLANG_ANALYZER_NONNULL = YES;
				CLANG_ANALYZER_NUMBER_OBJECT_CONVERSION = YES_AGGRESSIVE;
				CLANG_CXX_LANGUAGE_STANDARD = "gnu++0x";
				CLANG_CXX_LIBRARY = "libc++";
				CLANG_ENABLE_MODULES = YES;
				CLANG_ENABLE_OBJC_ARC = YES;
				CLANG_WARN_BOOL_CONVERSION = YES;
				CLANG_WARN_CONSTANT_CONVERSION = YES;
				CLANG_WARN_DIRECT_OBJC_ISA_USAGE = YES_ERROR;
				CLANG_WARN_DOCUMENTATION_COMMENTS = YES;
				CLANG_WARN_EMPTY_BODY = YES;
				CLANG_WARN_ENUM_CONVERSION = YES;
				CLANG_WARN_INFINITE_RECURSION = YES;
				CLANG_WARN_INT_CONVERSION = YES;
				CLANG_WARN_OBJC_ROOT_CLASS = YES_ERROR;
				CLANG_WARN_SUSPICIOUS_MOVE = YES;
				CLANG_WARN_UNREACHABLE_CODE = YES;
				CLANG_WARN__DUPLICATE_METHOD_MATCH = YES;
				"CODE_SIGN_IDENTITY[sdk=iphoneos*]" = "iPhone Developer";
				COPY_PHASE_STRIP = NO;
				DEBUG_INFORMATION_FORMAT = dwarf;
				ENABLE_STRICT_OBJC_MSGSEND = YES;
				ENABLE_TESTABILITY = YES;
				GCC_C_LANGUAGE_STANDARD = gnu99;
				GCC_DYNAMIC_NO_PIC = NO;
				GCC_NO_COMMON_BLOCKS = YES;
				GCC_OPTIMIZATION_LEVEL = 0;
				GCC_PREPROCESSOR_DEFINITIONS = (
					"DEBUG=1",
					"$(inherited)",
				);
				GCC_WARN_64_TO_32_BIT_CONVERSION = YES;
				GCC_WARN_ABOUT_RETURN_TYPE = YES_ERROR;
				GCC_WARN_UNDECLARED_SELECTOR = YES;
				GCC_WARN_UNINITIALIZED_AUTOS = YES_AGGRESSIVE;
				GCC_WARN_UNUSED_FUNCTION = YES;
				GCC_WARN_UNUSED_VARIABLE = YES;
				IPHONEOS_DEPLOYMENT_TARGET = 10.3;
				MTL_ENABLE_DEBUG_INFO = YES;
				ONLY_ACTIVE_ARCH = YES;
				SDKROOT = iphoneos;
				SWIFT_ACTIVE_COMPILATION_CONDITIONS = DEBUG;
				SWIFT_OPTIMIZATION_LEVEL = "-Onone";
				TARGETED_DEVICE_FAMILY = "1,2";
			};
			name = Debug;
		};
		7D777D341EC08DB600C17815 /* Release */ = {
			isa = XCBuildConfiguration;
			buildSettings = {
				ALWAYS_SEARCH_USER_PATHS = NO;
				CLANG_ANALYZER_NONNULL = YES;
				CLANG_ANALYZER_NUMBER_OBJECT_CONVERSION = YES_AGGRESSIVE;
				CLANG_CXX_LANGUAGE_STANDARD = "gnu++0x";
				CLANG_CXX_LIBRARY = "libc++";
				CLANG_ENABLE_MODULES = YES;
				CLANG_ENABLE_OBJC_ARC = YES;
				CLANG_WARN_BOOL_CONVERSION = YES;
				CLANG_WARN_CONSTANT_CONVERSION = YES;
				CLANG_WARN_DIRECT_OBJC_ISA_USAGE = YES_ERROR;
				CLANG_WARN_DOCUMENTATION_COMMENTS = YES;
				CLANG_WARN_EMPTY_BODY = YES;
				CLANG_WARN_ENUM_CONVERSION = YES;
				CLANG_WARN_INFINITE_RECURSION = YES;
				CLANG_WARN_INT_CONVERSION = YES;
				CLANG_WARN_OBJC_ROOT_CLASS = YES_ERROR;
				CLANG_WARN_SUSPICIOUS_MOVE = YES;
				CLANG_WARN_UNREACHABLE_CODE = YES;
				CLANG_WARN__DUPLICATE_METHOD_MATCH = YES;
				"CODE_SIGN_IDENTITY[sdk=iphoneos*]" = "iPhone Developer";
				COPY_PHASE_STRIP = NO;
				DEBUG_INFORMATION_FORMAT = "dwarf-with-dsym";
				ENABLE_NS_ASSERTIONS = NO;
				ENABLE_STRICT_OBJC_MSGSEND = YES;
				GCC_C_LANGUAGE_STANDARD = gnu99;
				GCC_NO_COMMON_BLOCKS = YES;
				GCC_WARN_64_TO_32_BIT_CONVERSION = YES;
				GCC_WARN_ABOUT_RETURN_TYPE = YES_ERROR;
				GCC_WARN_UNDECLARED_SELECTOR = YES;
				GCC_WARN_UNINITIALIZED_AUTOS = YES_AGGRESSIVE;
				GCC_WARN_UNUSED_FUNCTION = YES;
				GCC_WARN_UNUSED_VARIABLE = YES;
				IPHONEOS_DEPLOYMENT_TARGET = 10.3;
				MTL_ENABLE_DEBUG_INFO = NO;
				SDKROOT = iphoneos;
				SWIFT_OPTIMIZATION_LEVEL = "-Owholemodule";
				TARGETED_DEVICE_FAMILY = "1,2";
				VALIDATE_PRODUCT = YES;
			};
			name = Release;
		};
		7D777D361EC08DB600C17815 /* Debug */ = {
			isa = XCBuildConfiguration;
			baseConfigurationReference = DADEF9B97965C3B8929BFAE3 /* Pods-weatherApp.debug.xcconfig */;
			buildSettings = {
				ASSETCATALOG_COMPILER_APPICON_NAME = AppIcon;
				DEVELOPMENT_TEAM = YFZ69CXAAZ;
				INFOPLIST_FILE = weatherApp/Info.plist;
				LD_RUNPATH_SEARCH_PATHS = "$(inherited) @executable_path/Frameworks";
				PRODUCT_BUNDLE_IDENTIFIER = wolverine.weatherApp2;
				PRODUCT_NAME = "$(TARGET_NAME)";
				SWIFT_VERSION = 3.0;
				TARGETED_DEVICE_FAMILY = 1;
			};
			name = Debug;
		};
		7D777D371EC08DB600C17815 /* Release */ = {
			isa = XCBuildConfiguration;
			baseConfigurationReference = 31739B9BE483ABAA8A2CEB62 /* Pods-weatherApp.release.xcconfig */;
			buildSettings = {
				ASSETCATALOG_COMPILER_APPICON_NAME = AppIcon;
				DEVELOPMENT_TEAM = YFZ69CXAAZ;
				INFOPLIST_FILE = weatherApp/Info.plist;
				LD_RUNPATH_SEARCH_PATHS = "$(inherited) @executable_path/Frameworks";
				PRODUCT_BUNDLE_IDENTIFIER = wolverine.weatherApp2;
				PRODUCT_NAME = "$(TARGET_NAME)";
				SWIFT_VERSION = 3.0;
				TARGETED_DEVICE_FAMILY = 1;
			};
			name = Release;
		};
/* End XCBuildConfiguration section */

/* Begin XCConfigurationList section */
		7D777D1E1EC08DB600C17815 /* Build configuration list for PBXProject "weatherApp" */ = {
			isa = XCConfigurationList;
			buildConfigurations = (
				7D777D331EC08DB600C17815 /* Debug */,
				7D777D341EC08DB600C17815 /* Release */,
			);
			defaultConfigurationIsVisible = 0;
			defaultConfigurationName = Release;
		};
		7D777D351EC08DB600C17815 /* Build configuration list for PBXNativeTarget "weatherApp" */ = {
			isa = XCConfigurationList;
			buildConfigurations = (
				7D777D361EC08DB600C17815 /* Debug */,
				7D777D371EC08DB600C17815 /* Release */,
			);
			defaultConfigurationIsVisible = 0;
			defaultConfigurationName = Release;
		};
/* End XCConfigurationList section */
	};
	rootObject = 7D777D1B1EC08DB600C17815 /* Project object */;
}
